
Microsoft Visual Studio Solution File, Format Version 11.00
# Visual Studio 2010
Project("{8BC9CEB8-8B4A-11D0-8D11-00A0C91BC942}") = "Caloris", "Caloris.vcxproj", "{4333DC6B-E2D5-443C-989A-129811007EE3}"
EndProject
Project("{8BC9CEB8-8B4A-11D0-8D11-00A0C91BC942}") = "CalorisTester", "..\CalorisTester\CalorisTester.vcxproj", "{321341CB-1179-46FB-803B-670760BFE1B8}"
EndProject
Global
	GlobalSection(SubversionScc) = preSolution
		Svn-Managed = True
		Manager = AnkhSVN - Subversion Support for Visual Studio
	EndGlobalSection
	GlobalSection(SolutionConfigurationPlatforms) = preSolution
		Debug|Win32 = Debug|Win32
		Release|Win32 = Release|Win32
	EndGlobalSection
	GlobalSection(ProjectConfigurationPlatforms) = postSolution
		{4333DC6B-E2D5-443C-989A-129811007EE3}.Debug|Win32.ActiveCfg = Debug|Win32
		{4333DC6B-E2D5-443C-989A-129811007EE3}.Debug|Win32.Build.0 = Debug|Win32
		{4333DC6B-E2D5-443C-989A-129811007EE3}.Release|Win32.ActiveCfg = Release|Win32
		{4333DC6B-E2D5-443C-989A-129811007EE3}.Release|Win32.Build.0 = Release|Win32
		{321341CB-1179-46FB-803B-670760BFE1B8}.Debug|Win32.ActiveCfg = Debug|Win32
		{321341CB-1179-46FB-803B-670760BFE1B8}.Debug|Win32.Build.0 = Debug|Win32
		{321341CB-1179-46FB-803B-670760BFE1B8}.Release|Win32.ActiveCfg = Release|Win32
		{321341CB-1179-46FB-803B-670760BFE1B8}.Release|Win32.Build.0 = Release|Win32
	EndGlobalSection
	GlobalSection(SolutionProperties) = preSolution
		HideSolutionNode = FALSE
	EndGlobalSection
EndGlobal
